
Microsoft Visual Studio Solution File, Format Version 12.00
# Visual Studio Version 16
VisualStudioVersion = 16.0.29503.13
MinimumVisualStudioVersion = 10.0.40219.1
Project("{9A19103F-16F7-4668-BE54-9A1E7A4F7556}") = "Flashcard", "Flashcard\Flashcard.csproj", "{832C4C73-249E-4CAA-A017-C3A93D8E4760}"
EndProject
Project("{FAE04EC0-301F-11D3-BF4B-00C04F79EFBC}") = "FlashcardTests", "FlashcardTests\FlashcardTests.csproj", "{3FC0BE03-DEA1-465B-AB62-7B8246A63984}"
EndProject
Global
	GlobalSection(SolutionConfigurationPlatforms) = preSolution
		Debug|Any CPU = Debug|Any CPU
		Release|Any CPU = Release|Any CPU
	EndGlobalSection
	GlobalSection(ProjectConfigurationPlatforms) = postSolution
		{832C4C73-249E-4CAA-A017-C3A93D8E4760}.Debug|Any CPU.ActiveCfg = Debug|Any CPU
		{832C4C73-249E-4CAA-A017-C3A93D8E4760}.Debug|Any CPU.Build.0 = Debug|Any CPU
		{832C4C73-249E-4CAA-A017-C3A93D8E4760}.Release|Any CPU.ActiveCfg = Release|Any CPU
		{832C4C73-249E-4CAA-A017-C3A93D8E4760}.Release|Any CPU.Build.0 = Release|Any CPU
		{3FC0BE03-DEA1-465B-AB62-7B8246A63984}.Debug|Any CPU.ActiveCfg = Debug|Any CPU
		{3FC0BE03-DEA1-465B-AB62-7B8246A63984}.Debug|Any CPU.Build.0 = Debug|Any CPU
		{3FC0BE03-DEA1-465B-AB62-7B8246A63984}.Release|Any CPU.ActiveCfg = Release|Any CPU
		{3FC0BE03-DEA1-465B-AB62-7B8246A63984}.Release|Any CPU.Build.0 = Release|Any CPU
	EndGlobalSection
	GlobalSection(SolutionProperties) = preSolution
		HideSolutionNode = FALSE
	EndGlobalSection
	GlobalSection(ExtensibilityGlobals) = postSolution
		SolutionGuid = {A5A572B6-10CB-4BC6-88AA-410C51DB1251}
	EndGlobalSection
EndGlobal
